
Microsoft Visual Studio Solution File, Format Version 12.00
# Visual Studio Version 16
VisualStudioVersion = 16.0.29411.108
MinimumVisualStudioVersion = 10.0.40219.1
Project("{FAE04EC0-301F-11D3-BF4B-00C04F79EFBC}") = "ODM.CKYazdirDb", "CKYazdirDb\ODM.CKYazdirDb.csproj", "{82C6F869-0FB4-4AFE-B92D-D2BFF99F2BE5}"
EndProject
Project("{FAE04EC0-301F-11D3-BF4B-00C04F79EFBC}") = "ErzurumOdmMvc", "ErzurumOdmMvc\ErzurumOdmMvc.csproj", "{A540A7ED-4781-46AF-AD73-FF9D499C0BFC}"
EndProject
Global
	GlobalSection(SolutionConfigurationPlatforms) = preSolution
		Debug|Any CPU = Debug|Any CPU
		Debug|x64 = Debug|x64
		Release|Any CPU = Release|Any CPU
		Release|x64 = Release|x64
	EndGlobalSection
	GlobalSection(ProjectConfigurationPlatforms) = postSolution
		{82C6F869-0FB4-4AFE-B92D-D2BFF99F2BE5}.Debug|Any CPU.ActiveCfg = Debug|Any CPU
		{82C6F869-0FB4-4AFE-B92D-D2BFF99F2BE5}.Debug|Any CPU.Build.0 = Debug|Any CPU
		{82C6F869-0FB4-4AFE-B92D-D2BFF99F2BE5}.Debug|x64.ActiveCfg = Debug|Any CPU
		{82C6F869-0FB4-4AFE-B92D-D2BFF99F2BE5}.Debug|x64.Build.0 = Debug|Any CPU
		{82C6F869-0FB4-4AFE-B92D-D2BFF99F2BE5}.Release|Any CPU.ActiveCfg = Release|Any CPU
		{82C6F869-0FB4-4AFE-B92D-D2BFF99F2BE5}.Release|Any CPU.Build.0 = Release|Any CPU
		{82C6F869-0FB4-4AFE-B92D-D2BFF99F2BE5}.Release|x64.ActiveCfg = Release|Any CPU
		{82C6F869-0FB4-4AFE-B92D-D2BFF99F2BE5}.Release|x64.Build.0 = Release|Any CPU
		{A540A7ED-4781-46AF-AD73-FF9D499C0BFC}.Debug|Any CPU.ActiveCfg = Debug|Any CPU
		{A540A7ED-4781-46AF-AD73-FF9D499C0BFC}.Debug|Any CPU.Build.0 = Debug|Any CPU
		{A540A7ED-4781-46AF-AD73-FF9D499C0BFC}.Debug|x64.ActiveCfg = Debug|Any CPU
		{A540A7ED-4781-46AF-AD73-FF9D499C0BFC}.Debug|x64.Build.0 = Debug|Any CPU
		{A540A7ED-4781-46AF-AD73-FF9D499C0BFC}.Release|Any CPU.ActiveCfg = Release|Any CPU
		{A540A7ED-4781-46AF-AD73-FF9D499C0BFC}.Release|Any CPU.Build.0 = Release|Any CPU
		{A540A7ED-4781-46AF-AD73-FF9D499C0BFC}.Release|x64.ActiveCfg = Release|Any CPU
		{A540A7ED-4781-46AF-AD73-FF9D499C0BFC}.Release|x64.Build.0 = Release|Any CPU
	EndGlobalSection
	GlobalSection(SolutionProperties) = preSolution
		HideSolutionNode = FALSE
	EndGlobalSection
	GlobalSection(ExtensibilityGlobals) = postSolution
		SolutionGuid = {B200ABD8-0671-484D-8F0D-760FCB149737}
	EndGlobalSection
EndGlobal
