
Microsoft Visual Studio Solution File, Format Version 12.00
# Visual Studio Version 16
VisualStudioVersion = 16.0.29806.167
MinimumVisualStudioVersion = 10.0.40219.1
Project("{E24C65DC-7377-472B-9ABA-BC803B73C61A}") = "ODMWeb", "http://localhost:54471", "{5E3200B2-2C2D-405B-8210-8AA8213FE156}"
	ProjectSection(WebsiteProperties) = preProject
		UseIISExpress = "true"
		TargetFrameworkMoniker = ".NETFramework,Version%3Dv4.6"
		ProjectReferences = ""
		Debug.AspNetCompiler.VirtualPath = "/localhost_54471"
		Debug.AspNetCompiler.PhysicalPath = "ODMWeb\"
		Debug.AspNetCompiler.TargetPath = "PrecompiledWeb\localhost_54471\"
		Debug.AspNetCompiler.Updateable = "true"
		Debug.AspNetCompiler.ForceOverwrite = "true"
		Debug.AspNetCompiler.FixedNames = "false"
		Debug.AspNetCompiler.Debug = "True"
		Release.AspNetCompiler.VirtualPath = "/localhost_54471"
		Release.AspNetCompiler.PhysicalPath = "ODMWeb\"
		Release.AspNetCompiler.TargetPath = "PrecompiledWeb\localhost_54471\"
		Release.AspNetCompiler.Updateable = "true"
		Release.AspNetCompiler.ForceOverwrite = "true"
		Release.AspNetCompiler.FixedNames = "false"
		Release.AspNetCompiler.Debug = "False"
		SlnRelativePath = "ODMWeb\"
	EndProjectSection
EndProject
Project("{FAE04EC0-301F-11D3-BF4B-00C04F79EFBC}") = "ODM.CKYazdirDb", "CKYazdirDb\ODM.CKYazdirDb.csproj", "{82C6F869-0FB4-4AFE-B92D-D2BFF99F2BE5}"
EndProject
Project("{2150E333-8FDC-42A3-9474-1A3956D46DE8}") = "Solution Items", "Solution Items", "{60020237-542F-467E-BDC0-DC290EC2B5E7}"
	ProjectSection(SolutionItems) = preProject
		.editorconfig = .editorconfig
	EndProjectSection
EndProject
Global
	GlobalSection(SolutionConfigurationPlatforms) = preSolution
		Debug|Any CPU = Debug|Any CPU
		Debug|x64 = Debug|x64
		Release|Any CPU = Release|Any CPU
		Release|x64 = Release|x64
	EndGlobalSection
	GlobalSection(ProjectConfigurationPlatforms) = postSolution
		{5E3200B2-2C2D-405B-8210-8AA8213FE156}.Debug|Any CPU.ActiveCfg = Debug|Any CPU
		{5E3200B2-2C2D-405B-8210-8AA8213FE156}.Debug|Any CPU.Build.0 = Debug|Any CPU
		{5E3200B2-2C2D-405B-8210-8AA8213FE156}.Debug|x64.ActiveCfg = Debug|Any CPU
		{5E3200B2-2C2D-405B-8210-8AA8213FE156}.Debug|x64.Build.0 = Debug|Any CPU
		{5E3200B2-2C2D-405B-8210-8AA8213FE156}.Release|Any CPU.ActiveCfg = Debug|Any CPU
		{5E3200B2-2C2D-405B-8210-8AA8213FE156}.Release|Any CPU.Build.0 = Debug|Any CPU
		{5E3200B2-2C2D-405B-8210-8AA8213FE156}.Release|x64.ActiveCfg = Debug|Any CPU
		{5E3200B2-2C2D-405B-8210-8AA8213FE156}.Release|x64.Build.0 = Debug|Any CPU
		{82C6F869-0FB4-4AFE-B92D-D2BFF99F2BE5}.Debug|Any CPU.ActiveCfg = Debug|Any CPU
		{82C6F869-0FB4-4AFE-B92D-D2BFF99F2BE5}.Debug|Any CPU.Build.0 = Debug|Any CPU
		{82C6F869-0FB4-4AFE-B92D-D2BFF99F2BE5}.Debug|x64.ActiveCfg = Debug|Any CPU
		{82C6F869-0FB4-4AFE-B92D-D2BFF99F2BE5}.Debug|x64.Build.0 = Debug|Any CPU
		{82C6F869-0FB4-4AFE-B92D-D2BFF99F2BE5}.Release|Any CPU.ActiveCfg = Release|Any CPU
		{82C6F869-0FB4-4AFE-B92D-D2BFF99F2BE5}.Release|Any CPU.Build.0 = Release|Any CPU
		{82C6F869-0FB4-4AFE-B92D-D2BFF99F2BE5}.Release|x64.ActiveCfg = Release|Any CPU
		{82C6F869-0FB4-4AFE-B92D-D2BFF99F2BE5}.Release|x64.Build.0 = Release|Any CPU
	EndGlobalSection
	GlobalSection(SolutionProperties) = preSolution
		HideSolutionNode = FALSE
	EndGlobalSection
	GlobalSection(ExtensibilityGlobals) = postSolution
		SolutionGuid = {50D00BDE-BC69-49CD-95C6-1F9258F1CCE2}
	EndGlobalSection
EndGlobal
